
Microsoft Visual Studio Solution File, Format Version 12.00
# Visual Studio Version 17
VisualStudioVersion = 17.10.35013.160
MinimumVisualStudioVersion = 10.0.40219.1
Project("{FAE04EC0-301F-11D3-BF4B-00C04F79EFBC}") = "Taskify", "Taskify\Taskify.csproj", "{DA7B2BB5-91EC-47EF-84A2-97FEC378FAD6}"
EndProject
Global
	GlobalSection(SolutionConfigurationPlatforms) = preSolution
		Debug|Any CPU = Debug|Any CPU
		Release|Any CPU = Release|Any CPU
	EndGlobalSection
	GlobalSection(ProjectConfigurationPlatforms) = postSolution
		{DA7B2BB5-91EC-47EF-84A2-97FEC378FAD6}.Debug|Any CPU.ActiveCfg = Debug|Any CPU
		{DA7B2BB5-91EC-47EF-84A2-97FEC378FAD6}.Debug|Any CPU.Build.0 = Debug|Any CPU
		{DA7B2BB5-91EC-47EF-84A2-97FEC378FAD6}.Release|Any CPU.ActiveCfg = Release|Any CPU
		{DA7B2BB5-91EC-47EF-84A2-97FEC378FAD6}.Release|Any CPU.Build.0 = Release|Any CPU
	EndGlobalSection
	GlobalSection(SolutionProperties) = preSolution
		HideSolutionNode = FALSE
	EndGlobalSection
	GlobalSection(ExtensibilityGlobals) = postSolution
		SolutionGuid = {7C9DE907-361C-4A8B-95DF-04289A74FA15}
	EndGlobalSection
EndGlobal
